<?xml version="1.0" encoding="utf-8"?>
<Project ToolsVersion="4.0" xmlns="http://schemas.microsoft.com/developer/msbuild/2003">
  <ItemGroup>
    <Filter Include="Header Files">
      <UniqueIdentifier>{93995380-89BD-4b04-88EB-625FBE52EBFB}</UniqueIdentifier>
      <Extensions>h;hpp;hxx;hm;inl;inc;xsd</Extensions>
    </Filter>
    <Filter Include="Resource Files">
      <UniqueIdentifier>{67DA6AB6-F800-4c08-8B7A-83BB121AAD01}</UniqueIdentifier>
      <Extensions>rc;ico;cur;bmp;dlg;rc2;rct;bin;rgs;gif;jpg;jpeg;jpe;resx;tiff;tif;png;wav;mfcribbon-ms</Extensions>
    </Filter>
    <Filter Include="Source Files">
      <UniqueIdentifier>{4FC737F1-C7A5-4376-A066-2A32D752A2FF}</UniqueIdentifier>
      <Extensions>cpp;c;cc;cxx;def;odl;idl;hpj;bat;asm;asmx</Extensions>
    </Filter>
  </ItemGroup>
  <ItemGroup>
    <None Include="ReadMe.txt" />
  </ItemGroup>
  <ItemGroup>
    <ClInclude Include="linkedLists.h">
      <Filter>Header Files</Filter>
    </ClInclude>
    <ClInclude Include="stdafx.h">
      <Filter>Header Files</Filter>
    </ClInclude>
    <ClInclude Include="targetver.h">
      <Filter>Header Files</Filter>
    </ClInclude>
    <ClInclude Include="BinTree.hpp">
      <Filter>Header Files</Filter>
    </ClInclude>
    <ClInclude Include="WordMap.hpp">
      <Filter>Header Files</Filter>
    </ClInclude>
    <ClInclude Include="BoggleNode.hpp">
      <Filter>Header Files</Filter>
    </ClInclude>
    <ClInclude Include="BoggleBoard.hpp">
      <Filter>Header Files</Filter>
    </ClInclude>
    <ClInclude Include="Sum123.hpp">
      <Filter>Header Files</Filter>
    </ClInclude>
    <ClInclude Include="RandModN.hpp">
      <Filter>Header Files</Filter>
    </ClInclude>
    <ClInclude Include="slicingProblem.h">
      <Filter>Header Files</Filter>
    </ClInclude>
    <ClInclude Include="tests.h">
      <Filter>Header Files</Filter>
    </ClInclude>
    <ClInclude Include="BinLink.hpp">
      <Filter>Header Files</Filter>
    </ClInclude>
    <ClInclude Include="printArray.h">
      <Filter>Header Files</Filter>
    </ClInclude>
    <ClInclude Include="maxSubArrays.h">
      <Filter>Header Files</Filter>
    </ClInclude>
    <ClInclude Include="testFunctions.h">
      <Filter>Header Files</Filter>
    </ClInclude>
    <ClInclude Include="arrayUtil.h">
      <Filter>Header Files</Filter>
    </ClInclude>
    <ClInclude Include="strUtil.h">
      <Filter>Header Files</Filter>
    </ClInclude>
    <ClInclude Include="ArrayAlgo.hpp">
      <Filter>Header Files</Filter>
    </ClInclude>
    <ClInclude Include="MaxHeap.hpp">
      <Filter>Header Files</Filter>
    </ClInclude>
    <ClInclude Include="WordTrie.hpp">
      <Filter>Header Files</Filter>
    </ClInclude>
    <ClInclude Include="bunny.h">
      <Filter>Header Files</Filter>
    </ClInclude>
    <ClInclude Include="FuzzyStrings.hpp">
      <Filter>Header Files</Filter>
    </ClInclude>
    <ClInclude Include="TrieNode.hpp">
      <Filter>Header Files</Filter>
    </ClInclude>
    <ClInclude Include="SubWords.hpp">
      <Filter>Header Files</Filter>
    </ClInclude>
  </ItemGroup>
  <ItemGroup>
    <ClCompile Include="charString.cpp">
      <Filter>Source Files</Filter>
    </ClCompile>
    <ClCompile Include="linkedLists.cpp">
      <Filter>Source Files</Filter>
    </ClCompile>
    <ClCompile Include="stdafx.cpp">
      <Filter>Source Files</Filter>
    </ClCompile>
    <ClCompile Include="word_stl.cpp">
      <Filter>Source Files</Filter>
    </ClCompile>
    <ClCompile Include="fibonacci.cpp">
      <Filter>Source Files</Filter>
    </ClCompile>
    <ClCompile Include="wordsMain.cpp">
      <Filter>Source Files</Filter>
    </ClCompile>
    <ClCompile Include="BinTree.cpp">
      <Filter>Source Files</Filter>
    </ClCompile>
    <ClCompile Include="BinLink.cpp">
      <Filter>Source Files</Filter>
    </ClCompile>
    <ClCompile Include="BoggleNode.cpp">
      <Filter>Source Files</Filter>
    </ClCompile>
    <ClCompile Include="BoggleBoard.cpp">
      <Filter>Source Files</Filter>
    </ClCompile>
    <ClCompile Include="slicingProblem.cpp">
      <Filter>Source Files</Filter>
    </ClCompile>
    <ClCompile Include="Sum123.cpp">
      <Filter>Source Files</Filter>
    </ClCompile>
    <ClCompile Include="rotatedString.cpp">
      <Filter>Source Files</Filter>
    </ClCompile>
    <ClCompile Include="partitionThreeWay.cpp">
      <Filter>Source Files</Filter>
    </ClCompile>
    <ClCompile Include="puzzleOfNSquaredTogglers.cpp">
      <Filter>Source Files</Filter>
    </ClCompile>
    <ClCompile Include="interleaveInPlace.cpp">
      <Filter>Source Files</Filter>
    </ClCompile>
    <ClCompile Include="longestNonRepeat.cpp">
      <Filter>Source Files</Filter>
    </ClCompile>
    <ClCompile Include="macro.cpp">
      <Filter>Source Files</Filter>
    </ClCompile>
    <ClCompile Include="bitfield.cpp">
      <Filter>Source Files</Filter>
    </ClCompile>
    <ClCompile Include="printArray.cpp">
      <Filter>Source Files</Filter>
    </ClCompile>
    <ClCompile Include="maxSubArrays.cpp">
      <Filter>Source Files</Filter>
    </ClCompile>
    <ClCompile Include="numerical.cpp">
      <Filter>Source Files</Filter>
    </ClCompile>
    <ClCompile Include="searchInfinite.cpp">
      <Filter>Source Files</Filter>
    </ClCompile>
    <ClCompile Include="testFunctions.cpp">
      <Filter>Source Files</Filter>
    </ClCompile>
    <ClCompile Include="sequences.cpp">
      <Filter>Source Files</Filter>
    </ClCompile>
    <ClCompile Include="arrayUtil.cpp">
      <Filter>Source Files</Filter>
    </ClCompile>
    <ClCompile Include="divisible.cpp">
      <Filter>Source Files</Filter>
    </ClCompile>
    <ClCompile Include="strUtil.cpp">
      <Filter>Source Files</Filter>
    </ClCompile>
    <ClCompile Include="ArrayAlgo.cpp">
      <Filter>Source Files</Filter>
    </ClCompile>
    <ClCompile Include="MaxHeap.cpp">
      <Filter>Source Files</Filter>
    </ClCompile>
    <ClCompile Include="heaper.cpp">
      <Filter>Source Files</Filter>
    </ClCompile>
    <ClCompile Include="WordTrie.cpp">
      <Filter>Source Files</Filter>
    </ClCompile>
    <ClCompile Include="fibonacci-viscomp.cpp">
      <Filter>Source Files</Filter>
    </ClCompile>
    <ClCompile Include="FuzzyStrings.cpp">
      <Filter>Source Files</Filter>
    </ClCompile>
    <ClCompile Include="TrieNode.cpp">
      <Filter>Source Files</Filter>
    </ClCompile>
    <ClCompile Include="decode.cpp">
      <Filter>Source Files</Filter>
    </ClCompile>
    <ClCompile Include="youngsTableau.cpp">
      <Filter>Source Files</Filter>
    </ClCompile>
    <ClCompile Include="..\..\stacks\stacks\namedCtorHiddenDtor.cpp">
      <Filter>Source Files</Filter>
    </ClCompile>
    <ClCompile Include="BoyerMoore.cpp">
      <Filter>Source Files</Filter>
    </ClCompile>
    <ClCompile Include="AVLTree.cpp">
      <Filter>Source Files</Filter>
    </ClCompile>
    <ClCompile Include="dynamicArrays.cpp">
      <Filter>Source Files</Filter>
    </ClCompile>
    <ClCompile Include="hourGlassArraySum.cpp">
      <Filter>Source Files</Filter>
    </ClCompile>
    <ClCompile Include="SubWords.cpp">
      <Filter>Source Files</Filter>
    </ClCompile>
  </ItemGroup>
</Project>