<?xml version="1.0" encoding="utf-8"?>
<Project ToolsVersion="4.0" xmlns="http://schemas.microsoft.com/developer/msbuild/2003">
  <ItemGroup>
    <Filter Include="Source Files">
      <UniqueIdentifier>{4FC737F1-C7A5-4376-A066-2A32D752A2FF}</UniqueIdentifier>
      <Extensions>cpp;c;cc;cxx;def;odl;idl;hpj;bat;asm;asmx</Extensions>
    </Filter>
    <Filter Include="Header Files">
      <UniqueIdentifier>{93995380-89BD-4b04-88EB-625FBE52EBFB}</UniqueIdentifier>
      <Extensions>h;hpp;hxx;hm;inl;inc;xsd</Extensions>
    </Filter>
    <Filter Include="Resource Files">
      <UniqueIdentifier>{67DA6AB6-F800-4c08-8B7A-83BB121AAD01}</UniqueIdentifier>
      <Extensions>rc;ico;cur;bmp;dlg;rc2;rct;bin;rgs;gif;jpg;jpeg;jpe;resx;tiff;tif;png;wav;mfcribbon-ms</Extensions>
    </Filter>
  </ItemGroup>
  <ItemGroup>
    <None Include="ReadMe.txt" />
  </ItemGroup>
  <ItemGroup>
    <ClInclude Include="stdafx.h">
      <Filter>Header Files</Filter>
    </ClInclude>
    <ClInclude Include="targetver.h">
      <Filter>Header Files</Filter>
    </ClInclude>
    <ClInclude Include="WordMap.hpp">
      <Filter>Header Files</Filter>
    </ClInclude>
    <ClInclude Include="WordRectFinder.hpp">
      <Filter>Header Files</Filter>
    </ClInclude>
    <ClInclude Include="WordRectSearchMgr.hpp">
      <Filter>Header Files</Filter>
    </ClInclude>
    <ClInclude Include="WordTrie.hpp">
      <Filter>Header Files</Filter>
    </ClInclude>
    <ClInclude Include="WordNode.hpp">
      <Filter>Header Files</Filter>
    </ClInclude>
    <ClInclude Include="TrieNode.hpp">
      <Filter>Header Files</Filter>
    </ClInclude>
    <ClInclude Include="EvOdNode.hpp">
      <Filter>Header Files</Filter>
    </ClInclude>
    <ClInclude Include="Trie.hpp">
      <Filter>Header Files</Filter>
    </ClInclude>
    <ClInclude Include="spraxUtil.hpp">
      <Filter>Header Files</Filter>
    </ClInclude>
    <ClInclude Include="SubWords.hpp">
      <Filter>Header Files</Filter>
    </ClInclude>
  </ItemGroup>
  <ItemGroup>
    <ClCompile Include="stdafx.cpp">
      <Filter>Source Files</Filter>
    </ClCompile>
    <ClCompile Include="wordGhost.cpp">
      <Filter>Source Files</Filter>
    </ClCompile>
    <ClCompile Include="EvOdNode.cpp">
      <Filter>Source Files</Filter>
    </ClCompile>
    <ClCompile Include="WordRectFinder.cpp">
      <Filter>Source Files</Filter>
    </ClCompile>
    <ClCompile Include="WordRectSearchMgr.cpp">
      <Filter>Source Files</Filter>
    </ClCompile>
    <ClCompile Include="WordTrie.cpp">
      <Filter>Source Files</Filter>
    </ClCompile>
    <ClCompile Include="WordNode.cpp">
      <Filter>Source Files</Filter>
    </ClCompile>
    <ClCompile Include="TrieNode.cpp">
      <Filter>Source Files</Filter>
    </ClCompile>
    <ClCompile Include="wordRectMain.cpp">
      <Filter>Source Files</Filter>
    </ClCompile>
    <ClCompile Include="Trie.cpp">
      <Filter>Source Files</Filter>
    </ClCompile>
    <ClCompile Include="testThreads.cpp">
      <Filter>Source Files</Filter>
    </ClCompile>
    <ClCompile Include="testSemaphore.cpp">
      <Filter>Source Files</Filter>
    </ClCompile>
    <ClCompile Include="testC++.cpp">
      <Filter>Source Files</Filter>
    </ClCompile>
    <ClCompile Include="spraxUtil.cpp">
      <Filter>Source Files</Filter>
    </ClCompile>
    <ClCompile Include="SubWords.cpp">
      <Filter>Source Files</Filter>
    </ClCompile>
  </ItemGroup>
</Project>