<?xml version="1.0" encoding="utf-8"?>
<Project ToolsVersion="4.0" xmlns="http://schemas.microsoft.com/developer/msbuild/2003">
  <ItemGroup>
    <Filter Include="Source Files">
      <UniqueIdentifier>{4FC737F1-C7A5-4376-A066-2A32D752A2FF}</UniqueIdentifier>
      <Extensions>cpp;c;cc;cxx;def;odl;idl;hpj;bat;asm;asmx</Extensions>
    </Filter>
    <Filter Include="Header Files">
      <UniqueIdentifier>{93995380-89BD-4b04-88EB-625FBE52EBFB}</UniqueIdentifier>
      <Extensions>h;hpp;hxx;hm;inl;inc;xsd</Extensions>
    </Filter>
    <Filter Include="Resource Files">
      <UniqueIdentifier>{67DA6AB6-F800-4c08-8B7A-83BB121AAD01}</UniqueIdentifier>
      <Extensions>rc;ico;cur;bmp;dlg;rc2;rct;bin;rgs;gif;jpg;jpeg;jpe;resx;tiff;tif;png;wav;mfcribbon-ms</Extensions>
    </Filter>
  </ItemGroup>
  <ItemGroup>
    <ClCompile Include="TrieNode.cpp">
      <Filter>Source Files</Filter>
    </ClCompile>
    <ClCompile Include="WordRectFinder.cpp">
      <Filter>Source Files</Filter>
    </ClCompile>
    <ClCompile Include="wordRectMain.cpp">
      <Filter>Source Files</Filter>
    </ClCompile>
    <ClCompile Include="WordTrie.cpp">
      <Filter>Source Files</Filter>
    </ClCompile>
    <ClCompile Include="wordRectSearchMgr.cpp">
      <Filter>Source Files</Filter>
    </ClCompile>
    <ClCompile Include="WordWaffleFinder.cpp">
      <Filter>Source Files</Filter>
    </ClCompile>
    <ClCompile Include="WordLatticeFinder.cpp">
      <Filter>Source Files</Filter>
    </ClCompile>
    <ClCompile Include="WordWaffleFinderSearchA.cpp">
      <Filter>Source Files</Filter>
    </ClCompile>
    <ClCompile Include="TrixNode.cpp">
      <Filter>Source Files</Filter>
    </ClCompile>
    <ClCompile Include="CharFreqMap.cpp">
      <Filter>Source Files</Filter>
    </ClCompile>
    <ClCompile Include="wordRectSearchExec.cpp">
      <Filter>Source Files</Filter>
    </ClCompile>
    <ClCompile Include="CharMap.cpp">
      <Filter>Source Files</Filter>
    </ClCompile>
    <ClCompile Include="WordRectPrinter.cpp">
      <Filter>Source Files</Filter>
    </ClCompile>
    <ClCompile Include="wordPlatform.cpp">
      <Filter>Source Files</Filter>
    </ClCompile>
  </ItemGroup>
  <ItemGroup>
    <ClInclude Include="TrieNode.hpp">
      <Filter>Header Files</Filter>
    </ClInclude>
    <ClInclude Include="WordRectFinder.hpp">
      <Filter>Header Files</Filter>
    </ClInclude>
    <ClInclude Include="WordTrie.hpp">
      <Filter>Header Files</Filter>
    </ClInclude>
    <ClInclude Include="WordWaffleFinder.hpp">
      <Filter>Header Files</Filter>
    </ClInclude>
    <ClInclude Include="WordLatticeFinder.hpp">
      <Filter>Header Files</Filter>
    </ClInclude>
    <ClInclude Include="wordRectSearchMgr.hpp">
      <Filter>Header Files</Filter>
    </ClInclude>
    <ClInclude Include="wordRectMain.hpp">
      <Filter>Header Files</Filter>
    </ClInclude>
    <ClInclude Include="TrixNode.hpp">
      <Filter>Header Files</Filter>
    </ClInclude>
    <ClInclude Include="CharFreqMap.hpp">
      <Filter>Header Files</Filter>
    </ClInclude>
    <ClInclude Include="CharMap.hpp">
      <Filter>Header Files</Filter>
    </ClInclude>
    <ClInclude Include="wordTypes.h">
      <Filter>Header Files</Filter>
    </ClInclude>
    <ClInclude Include="wordRectSearchExec.hpp">
      <Filter>Header Files</Filter>
    </ClInclude>
    <ClInclude Include="WordRectPrinter.hpp">
      <Filter>Header Files</Filter>
    </ClInclude>
  </ItemGroup>
</Project>